{
  "name": "lead-my-way",
  "version": "1.0.0",
  "lockfileVersion": 3,
  "requires": true,
  "packages": {
    "": {
      "name": "lead-my-way",
      "version": "1.0.0",
      "dependencies": {
        "fullcalendar": "^6.1.8"
      }
    },
    "node_modules/@fullcalendar/core": {
      "version": "6.1.17",
      "resolved": "https://registry.npmjs.org/@fullcalendar/core/-/core-6.1.17.tgz",
      "integrity": "sha512-0W7lnIrv18ruJ5zeWBeNZXO8qCWlzxDdp9COFEsZnyNjiEhUVnrW/dPbjRKYpL0edGG0/Lhs0ghp1z/5ekt8ZA==",
      "license": "MIT",
      "dependencies": {
        "preact": "~10.12.1"
      }
    },
    "node_modules/@fullcalendar/daygrid": {
      "version": "6.1.17",
      "resolved": "https://registry.npmjs.org/@fullcalendar/daygrid/-/daygrid-6.1.17.tgz",
      "integrity": "sha512-K7m+pd7oVJ9fW4h7CLDdDGJbc9szJ1xDU1DZ2ag+7oOo1aCNLv44CehzkkknM6r8EYlOOhgaelxQpKAI4glj7A==",
      "license": "MIT",
      "peerDependencies": {
        "@fullcalendar/core": "~6.1.17"
      }
    },
    "node_modules/@fullcalendar/interaction": {
      "version": "6.1.17",
      "resolved": "https://registry.npmjs.org/@fullcalendar/interaction/-/interaction-6.1.17.tgz",
      "integrity": "sha512-AudvQvgmJP2FU89wpSulUUjeWv24SuyCx8FzH2WIPVaYg+vDGGYarI7K6PcM3TH7B/CyaBjm5Rqw9lXgnwt5YA==",
      "license": "MIT",
      "peerDependencies": {
        "@fullcalendar/core": "~6.1.17"
      }
    },
    "node_modules/@fullcalendar/list": {
      "version": "6.1.17",
      "resolved": "https://registry.npmjs.org/@fullcalendar/list/-/list-6.1.17.tgz",
      "integrity": "sha512-fkyK49F9IxwlGUBVhJGsFpd/LTi/vRVERLIAe1HmBaGkjwpxnynm8TMLb9mZip97wvDk3CmZWduMe6PxscAlow==",
      "license": "MIT",
      "peerDependencies": {
        "@fullcalendar/core": "~6.1.17"
      }
    },
    "node_modules/@fullcalendar/multimonth": {
      "version": "6.1.17",
      "resolved": "https://registry.npmjs.org/@fullcalendar/multimonth/-/multimonth-6.1.17.tgz",
      "integrity": "sha512-ZxA9mkTzKayCdxR5je9P9++qqhSeSbuvXmvZ6doZw6omv8K52cD7XJii+P7gvxATXxtI6hg4i+DuMyOHxP1E2g==",
      "license": "MIT",
      "dependencies": {
        "@fullcalendar/daygrid": "~6.1.17"
      },
      "peerDependencies": {
        "@fullcalendar/core": "~6.1.17"
      }
    },
    "node_modules/@fullcalendar/timegrid": {
      "version": "6.1.17",
      "resolved": "https://registry.npmjs.org/@fullcalendar/timegrid/-/timegrid-6.1.17.tgz",
      "integrity": "sha512-K4PlA3L3lclLOs3IX8cvddeiJI9ZVMD7RA9IqaWwbvac771971foc9tFze9YY+Pqesf6S+vhS2dWtEVlERaGlQ==",
      "license": "MIT",
      "dependencies": {
        "@fullcalendar/daygrid": "~6.1.17"
      },
      "peerDependencies": {
        "@fullcalendar/core": "~6.1.17"
      }
    },
    "node_modules/fullcalendar": {
      "version": "6.1.17",
      "resolved": "https://registry.npmjs.org/fullcalendar/-/fullcalendar-6.1.17.tgz",
      "integrity": "sha512-5pq3jYo9cJnVn8TrnukJdP3uNZWk2V1uiTqVXIaSbO5qIXeF3H1jE11PAB5fBOacnZ9HLI/98IT82Y1rz/2VIw==",
      "license": "MIT",
      "dependencies": {
        "@fullcalendar/core": "~6.1.17",
        "@fullcalendar/daygrid": "~6.1.17",
        "@fullcalendar/interaction": "~6.1.17",
        "@fullcalendar/list": "~6.1.17",
        "@fullcalendar/multimonth": "~6.1.17",
        "@fullcalendar/timegrid": "~6.1.17"
      }
    },
    "node_modules/preact": {
      "version": "10.12.1",
      "resolved": "https://registry.npmjs.org/preact/-/preact-10.12.1.tgz",
      "integrity": "sha512-l8386ixSsBdbreOAkqtrwqHwdvR35ID8c3rKPa8lCWuO86dBi32QWHV4vfsZK1utLLFMvw+Z5Ad4XLkZzchscg==",
      "license": "MIT",
      "funding": {
        "type": "opencollective",
        "url": "https://opencollective.com/preact"
      }
    }
  }
}
